// !$*UTF8*$!
{
	archiveVersion = 1;
	classes = {
	};
	objectVersion = 50;
	objects = {

/* Begin PBXBuildFile section */
		C1C27FEB2625C96D00EAAEB2 /* AppDelegate.swift in Sources */ = {isa = PBXBuildFile; fileRef = C1C27FEA2625C96D00EAAEB2 /* AppDelegate.swift */; };
		C1C27FED2625C96D00EAAEB2 /* SceneDelegate.swift in Sources */ = {isa = PBXBuildFile; fileRef = C1C27FEC2625C96D00EAAEB2 /* SceneDelegate.swift */; };
		C1C27FEF2625C96D00EAAEB2 /* PersonListViewController.swift in Sources */ = {isa = PBXBuildFile; fileRef = C1C27FEE2625C96D00EAAEB2 /* PersonListViewController.swift */; };
		C1C27FF22625C96D00EAAEB2 /* Main.storyboard in Resources */ = {isa = PBXBuildFile; fileRef = C1C27FF02625C96D00EAAEB2 /* Main.storyboard */; };
		C1C27FF42625C97100EAAEB2 /* Assets.xcassets in Resources */ = {isa = PBXBuildFile; fileRef = C1C27FF32625C97100EAAEB2 /* Assets.xcassets */; };
		C1C27FF72625C97100EAAEB2 /* LaunchScreen.storyboard in Resources */ = {isa = PBXBuildFile; fileRef = C1C27FF52625C97100EAAEB2 /* LaunchScreen.storyboard */; };
		C1C280012625EA8800EAAEB2 /* Person.swift in Sources */ = {isa = PBXBuildFile; fileRef = C1C280002625EA8800EAAEB2 /* Person.swift */; };
		C1C280042625EBED00EAAEB2 /* DataManager.swift in Sources */ = {isa = PBXBuildFile; fileRef = C1C280032625EBED00EAAEB2 /* DataManager.swift */; };
		C1EEAF0D26261A2D00EE475E /* PersonDetailsViewController.swift in Sources */ = {isa = PBXBuildFile; fileRef = C1EEAF0C26261A2D00EE475E /* PersonDetailsViewController.swift */; };
		C1EEAF142626D65E00EE475E /* DetailsPersonsListViewController.swift in Sources */ = {isa = PBXBuildFile; fileRef = C1EEAF132626D65E00EE475E /* DetailsPersonsListViewController.swift */; };
		C1EEAF192627339700EE475E /* TabBarViewController.swift in Sources */ = {isa = PBXBuildFile; fileRef = C1EEAF182627339700EE475E /* TabBarViewController.swift */; };
/* End PBXBuildFile section */

/* Begin PBXFileReference section */
		C1C27FE72625C96C00EAAEB2 /* PersonsListApp.app */ = {isa = PBXFileReference; explicitFileType = wrapper.application; includeInIndex = 0; path = PersonsListApp.app; sourceTree = BUILT_PRODUCTS_DIR; };
		C1C27FEA2625C96D00EAAEB2 /* AppDelegate.swift */ = {isa = PBXFileReference; lastKnownFileType = sourcecode.swift; path = AppDelegate.swift; sourceTree = "<group>"; };
		C1C27FEC2625C96D00EAAEB2 /* SceneDelegate.swift */ = {isa = PBXFileReference; lastKnownFileType = sourcecode.swift; path = SceneDelegate.swift; sourceTree = "<group>"; };
		C1C27FEE2625C96D00EAAEB2 /* PersonListViewController.swift */ = {isa = PBXFileReference; lastKnownFileType = sourcecode.swift; path = PersonListViewController.swift; sourceTree = "<group>"; };
		C1C27FF12625C96D00EAAEB2 /* Base */ = {isa = PBXFileReference; lastKnownFileType = file.storyboard; name = Base; path = Base.lproj/Main.storyboard; sourceTree = "<group>"; };
		C1C27FF32625C97100EAAEB2 /* Assets.xcassets */ = {isa = PBXFileReference; lastKnownFileType = folder.assetcatalog; path = Assets.xcassets; sourceTree = "<group>"; };
		C1C27FF62625C97100EAAEB2 /* Base */ = {isa = PBXFileReference; lastKnownFileType = file.storyboard; name = Base; path = Base.lproj/LaunchScreen.storyboard; sourceTree = "<group>"; };
		C1C27FF82625C97100EAAEB2 /* Info.plist */ = {isa = PBXFileReference; lastKnownFileType = text.plist.xml; path = Info.plist; sourceTree = "<group>"; };
		C1C280002625EA8800EAAEB2 /* Person.swift */ = {isa = PBXFileReference; lastKnownFileType = sourcecode.swift; path = Person.swift; sourceTree = "<group>"; };
		C1C280032625EBED00EAAEB2 /* DataManager.swift */ = {isa = PBXFileReference; lastKnownFileType = sourcecode.swift; path = DataManager.swift; sourceTree = "<group>"; };
		C1EEAF0C26261A2D00EE475E /* PersonDetailsViewController.swift */ = {isa = PBXFileReference; lastKnownFileType = sourcecode.swift; path = PersonDetailsViewController.swift; sourceTree = "<group>"; };
		C1EEAF132626D65E00EE475E /* DetailsPersonsListViewController.swift */ = {isa = PBXFileReference; lastKnownFileType = sourcecode.swift; path = DetailsPersonsListViewController.swift; sourceTree = "<group>"; };
		C1EEAF182627339700EE475E /* TabBarViewController.swift */ = {isa = PBXFileReference; lastKnownFileType = sourcecode.swift; path = TabBarViewController.swift; sourceTree = "<group>"; };
/* End PBXFileReference section */

/* Begin PBXFrameworksBuildPhase section */
		C1C27FE42625C96C00EAAEB2 /* Frameworks */ = {
			isa = PBXFrameworksBuildPhase;
			buildActionMask = 2147483647;
			files = (
			);
			runOnlyForDeploymentPostprocessing = 0;
		};
/* End PBXFrameworksBuildPhase section */

/* Begin PBXGroup section */
		C1C27FDE2625C96C00EAAEB2 = {
			isa = PBXGroup;
			children = (
				C1C27FE92625C96C00EAAEB2 /* PersonsListApp */,
				C1C27FE82625C96C00EAAEB2 /* Products */,
			);
			sourceTree = "<group>";
		};
		C1C27FE82625C96C00EAAEB2 /* Products */ = {
			isa = PBXGroup;
			children = (
				C1C27FE72625C96C00EAAEB2 /* PersonsListApp.app */,
			);
			name = Products;
			sourceTree = "<group>";
		};
		C1C27FE92625C96C00EAAEB2 /* PersonsListApp */ = {
			isa = PBXGroup;
			children = (
				C1C27FEA2625C96D00EAAEB2 /* AppDelegate.swift */,
				C1C27FEC2625C96D00EAAEB2 /* SceneDelegate.swift */,
				C1C280002625EA8800EAAEB2 /* Person.swift */,
				C1C280032625EBED00EAAEB2 /* DataManager.swift */,
				C1EEAF0C26261A2D00EE475E /* PersonDetailsViewController.swift */,
				C1EEAF182627339700EE475E /* TabBarViewController.swift */,
				C1C27FEE2625C96D00EAAEB2 /* PersonListViewController.swift */,
				C1EEAF132626D65E00EE475E /* DetailsPersonsListViewController.swift */,
				C1C27FF02625C96D00EAAEB2 /* Main.storyboard */,
				C1C27FF32625C97100EAAEB2 /* Assets.xcassets */,
				C1C27FF52625C97100EAAEB2 /* LaunchScreen.storyboard */,
				C1C27FF82625C97100EAAEB2 /* Info.plist */,
			);
			path = PersonsListApp;
			sourceTree = "<group>";
		};
/* End PBXGroup section */

/* Begin PBXNativeTarget section */
		C1C27FE62625C96C00EAAEB2 /* PersonsListApp */ = {
			isa = PBXNativeTarget;
			buildConfigurationList = C1C27FFB2625C97100EAAEB2 /* Build configuration list for PBXNativeTarget "PersonsListApp" */;
			buildPhases = (
				C1C27FE32625C96C00EAAEB2 /* Sources */,
				C1C27FE42625C96C00EAAEB2 /* Frameworks */,
				C1C27FE52625C96C00EAAEB2 /* Resources */,
			);
			buildRules = (
			);
			dependencies = (
			);
			name = PersonsListApp;
			productName = PersonsListApp;
			productReference = C1C27FE72625C96C00EAAEB2 /* PersonsListApp.app */;
			productType = "com.apple.product-type.application";
		};
/* End PBXNativeTarget section */

/* Begin PBXProject section */
		C1C27FDF2625C96C00EAAEB2 /* Project object */ = {
			isa = PBXProject;
			attributes = {
				LastSwiftUpdateCheck = 1240;
				LastUpgradeCheck = 1240;
				TargetAttributes = {
					C1C27FE62625C96C00EAAEB2 = {
						CreatedOnToolsVersion = 12.4;
					};
				};
			};
			buildConfigurationList = C1C27FE22625C96C00EAAEB2 /* Build configuration list for PBXProject "PersonsListApp" */;
			compatibilityVersion = "Xcode 9.3";
			developmentRegion = en;
			hasScannedForEncodings = 0;
			knownRegions = (
				en,
				Base,
			);
			mainGroup = C1C27FDE2625C96C00EAAEB2;
			productRefGroup = C1C27FE82625C96C00EAAEB2 /* Products */;
			projectDirPath = "";
			projectRoot = "";
			targets = (
				C1C27FE62625C96C00EAAEB2 /* PersonsListApp */,
			);
		};
/* End PBXProject section */

/* Begin PBXResourcesBuildPhase section */
		C1C27FE52625C96C00EAAEB2 /* Resources */ = {
			isa = PBXResourcesBuildPhase;
			buildActionMask = 2147483647;
			files = (
				C1C27FF72625C97100EAAEB2 /* LaunchScreen.storyboard in Resources */,
				C1C27FF42625C97100EAAEB2 /* Assets.xcassets in Resources */,
				C1C27FF22625C96D00EAAEB2 /* Main.storyboard in Resources */,
			);
			runOnlyForDeploymentPostprocessing = 0;
		};
/* End PBXResourcesBuildPhase section */

/* Begin PBXSourcesBuildPhase section */
		C1C27FE32625C96C00EAAEB2 /* Sources */ = {
			isa = PBXSourcesBuildPhase;
			buildActionMask = 2147483647;
			files = (
				C1EEAF192627339700EE475E /* TabBarViewController.swift in Sources */,
				C1EEAF142626D65E00EE475E /* DetailsPersonsListViewController.swift in Sources */,
				C1C27FEF2625C96D00EAAEB2 /* PersonListViewController.swift in Sources */,
				C1C280042625EBED00EAAEB2 /* DataManager.swift in Sources */,
				C1EEAF0D26261A2D00EE475E /* PersonDetailsViewController.swift in Sources */,
				C1C27FEB2625C96D00EAAEB2 /* AppDelegate.swift in Sources */,
				C1C280012625EA8800EAAEB2 /* Person.swift in Sources */,
				C1C27FED2625C96D00EAAEB2 /* SceneDelegate.swift in Sources */,
			);
			runOnlyForDeploymentPostprocessing = 0;
		};
/* End PBXSourcesBuildPhase section */

/* Begin PBXVariantGroup section */
		C1C27FF02625C96D00EAAEB2 /* Main.storyboard */ = {
			isa = PBXVariantGroup;
			children = (
				C1C27FF12625C96D00EAAEB2 /* Base */,
			);
			name = Main.storyboard;
			sourceTree = "<group>";
		};
		C1C27FF52625C97100EAAEB2 /* LaunchScreen.storyboard */ = {
			isa = PBXVariantGroup;
			children = (
				C1C27FF62625C97100EAAEB2 /* Base */,
			);
			name = LaunchScreen.storyboard;
			sourceTree = "<group>";
		};
/* End PBXVariantGroup section */

/* Begin XCBuildConfiguration section */
		C1C27FF92625C97100EAAEB2 /* Debug */ = {
			isa = XCBuildConfiguration;
			buildSettings = {
				ALWAYS_SEARCH_USER_PATHS = NO;
				CLANG_ANALYZER_NONNULL = YES;
				CLANG_ANALYZER_NUMBER_OBJECT_CONVERSION = YES_AGGRESSIVE;
				CLANG_CXX_LANGUAGE_STANDARD = "gnu++14";
				CLANG_CXX_LIBRARY = "libc++";
				CLANG_ENABLE_MODULES = YES;
				CLANG_ENABLE_OBJC_ARC = YES;
				CLANG_ENABLE_OBJC_WEAK = YES;
				CLANG_WARN_BLOCK_CAPTURE_AUTORELEASING = YES;
				CLANG_WARN_BOOL_CONVERSION = YES;
				CLANG_WARN_COMMA = YES;
				CLANG_WARN_CONSTANT_CONVERSION = YES;
				CLANG_WARN_DEPRECATED_OBJC_IMPLEMENTATIONS = YES;
				CLANG_WARN_DIRECT_OBJC_ISA_USAGE = YES_ERROR;
				CLANG_WARN_DOCUMENTATION_COMMENTS = YES;
				CLANG_WARN_EMPTY_BODY = YES;
				CLANG_WARN_ENUM_CONVERSION = YES;
				CLANG_WARN_INFINITE_RECURSION = YES;
				CLANG_WARN_INT_CONVERSION = YES;
				CLANG_WARN_NON_LITERAL_NULL_CONVERSION = YES;
				CLANG_WARN_OBJC_IMPLICIT_RETAIN_SELF = YES;
				CLANG_WARN_OBJC_LITERAL_CONVERSION = YES;
				CLANG_WARN_OBJC_ROOT_CLASS = YES_ERROR;
				CLANG_WARN_QUOTED_INCLUDE_IN_FRAMEWORK_HEADER = YES;
				CLANG_WARN_RANGE_LOOP_ANALYSIS = YES;
				CLANG_WARN_STRICT_PROTOTYPES = YES;
				CLANG_WARN_SUSPICIOUS_MOVE = YES;
				CLANG_WARN_UNGUARDED_AVAILABILITY = YES_AGGRESSIVE;
				CLANG_WARN_UNREACHABLE_CODE = YES;
				CLANG_WARN__DUPLICATE_METHOD_MATCH = YES;
				COPY_PHASE_STRIP = NO;
				DEBUG_INFORMATION_FORMAT = dwarf;
				ENABLE_STRICT_OBJC_MSGSEND = YES;
				ENABLE_TESTABILITY = YES;
				GCC_C_LANGUAGE_STANDARD = gnu11;
				GCC_DYNAMIC_NO_PIC = NO;
				GCC_NO_COMMON_BLOCKS = YES;
				GCC_OPTIMIZATION_LEVEL = 0;
				GCC_PREPROCESSOR_DEFINITIONS = (
					"DEBUG=1",
					"$(inherited)",
				);
				GCC_WARN_64_TO_32_BIT_CONVERSION = YES;
				GCC_WARN_ABOUT_RETURN_TYPE = YES_ERROR;
				GCC_WARN_UNDECLARED_SELECTOR = YES;
				GCC_WARN_UNINITIALIZED_AUTOS = YES_AGGRESSIVE;
				GCC_WARN_UNUSED_FUNCTION = YES;
				GCC_WARN_UNUSED_VARIABLE = YES;
				IPHONEOS_DEPLOYMENT_TARGET = 14.4;
				MTL_ENABLE_DEBUG_INFO = INCLUDE_SOURCE;
				MTL_FAST_MATH = YES;
				ONLY_ACTIVE_ARCH = YES;
				SDKROOT = iphoneos;
				SWIFT_ACTIVE_COMPILATION_CONDITIONS = DEBUG;
				SWIFT_OPTIMIZATION_LEVEL = "-Onone";
			};
			name = Debug;
		};
		C1C27FFA2625C97100EAAEB2 /* Release */ = {
			isa = XCBuildConfiguration;
			buildSettings = {
				ALWAYS_SEARCH_USER_PATHS = NO;
				CLANG_ANALYZER_NONNULL = YES;
				CLANG_ANALYZER_NUMBER_OBJECT_CONVERSION = YES_AGGRESSIVE;
				CLANG_CXX_LANGUAGE_STANDARD = "gnu++14";
				CLANG_CXX_LIBRARY = "libc++";
				CLANG_ENABLE_MODULES = YES;
				CLANG_ENABLE_OBJC_ARC = YES;
				CLANG_ENABLE_OBJC_WEAK = YES;
				CLANG_WARN_BLOCK_CAPTURE_AUTORELEASING = YES;
				CLANG_WARN_BOOL_CONVERSION = YES;
				CLANG_WARN_COMMA = YES;
				CLANG_WARN_CONSTANT_CONVERSION = YES;
				CLANG_WARN_DEPRECATED_OBJC_IMPLEMENTATIONS = YES;
				CLANG_WARN_DIRECT_OBJC_ISA_USAGE = YES_ERROR;
				CLANG_WARN_DOCUMENTATION_COMMENTS = YES;
				CLANG_WARN_EMPTY_BODY = YES;
				CLANG_WARN_ENUM_CONVERSION = YES;
				CLANG_WARN_INFINITE_RECURSION = YES;
				CLANG_WARN_INT_CONVERSION = YES;
				CLANG_WARN_NON_LITERAL_NULL_CONVERSION = YES;
				CLANG_WARN_OBJC_IMPLICIT_RETAIN_SELF = YES;
				CLANG_WARN_OBJC_LITERAL_CONVERSION = YES;
				CLANG_WARN_OBJC_ROOT_CLASS = YES_ERROR;
				CLANG_WARN_QUOTED_INCLUDE_IN_FRAMEWORK_HEADER = YES;
				CLANG_WARN_RANGE_LOOP_ANALYSIS = YES;
				CLANG_WARN_STRICT_PROTOTYPES = YES;
				CLANG_WARN_SUSPICIOUS_MOVE = YES;
				CLANG_WARN_UNGUARDED_AVAILABILITY = YES_AGGRESSIVE;
				CLANG_WARN_UNREACHABLE_CODE = YES;
				CLANG_WARN__DUPLICATE_METHOD_MATCH = YES;
				COPY_PHASE_STRIP = NO;
				DEBUG_INFORMATION_FORMAT = "dwarf-with-dsym";
				ENABLE_NS_ASSERTIONS = NO;
				ENABLE_STRICT_OBJC_MSGSEND = YES;
				GCC_C_LANGUAGE_STANDARD = gnu11;
				GCC_NO_COMMON_BLOCKS = YES;
				GCC_WARN_64_TO_32_BIT_CONVERSION = YES;
				GCC_WARN_ABOUT_RETURN_TYPE = YES_ERROR;
				GCC_WARN_UNDECLARED_SELECTOR = YES;
				GCC_WARN_UNINITIALIZED_AUTOS = YES_AGGRESSIVE;
				GCC_WARN_UNUSED_FUNCTION = YES;
				GCC_WARN_UNUSED_VARIABLE = YES;
				IPHONEOS_DEPLOYMENT_TARGET = 14.4;
				MTL_ENABLE_DEBUG_INFO = NO;
				MTL_FAST_MATH = YES;
				SDKROOT = iphoneos;
				SWIFT_COMPILATION_MODE = wholemodule;
				SWIFT_OPTIMIZATION_LEVEL = "-O";
				VALIDATE_PRODUCT = YES;
			};
			name = Release;
		};
		C1C27FFC2625C97100EAAEB2 /* Debug */ = {
			isa = XCBuildConfiguration;
			buildSettings = {
				ASSETCATALOG_COMPILER_APPICON_NAME = AppIcon;
				ASSETCATALOG_COMPILER_GLOBAL_ACCENT_COLOR_NAME = AccentColor;
				CODE_SIGN_STYLE = Automatic;
				DEVELOPMENT_TEAM = 7625BBDFN3;
				INFOPLIST_FILE = PersonsListApp/Info.plist;
				LD_RUNPATH_SEARCH_PATHS = (
					"$(inherited)",
					"@executable_path/Frameworks",
				);
				PRODUCT_BUNDLE_IDENTIFIER = LuzyaninaNP.PersonsListApp;
				PRODUCT_NAME = "$(TARGET_NAME)";
				SWIFT_VERSION = 5.0;
				TARGETED_DEVICE_FAMILY = "1,2";
			};
			name = Debug;
		};
		C1C27FFD2625C97100EAAEB2 /* Release */ = {
			isa = XCBuildConfiguration;
			buildSettings = {
				ASSETCATALOG_COMPILER_APPICON_NAME = AppIcon;
				ASSETCATALOG_COMPILER_GLOBAL_ACCENT_COLOR_NAME = AccentColor;
				CODE_SIGN_STYLE = Automatic;
				DEVELOPMENT_TEAM = 7625BBDFN3;
				INFOPLIST_FILE = PersonsListApp/Info.plist;
				LD_RUNPATH_SEARCH_PATHS = (
					"$(inherited)",
					"@executable_path/Frameworks",
				);
				PRODUCT_BUNDLE_IDENTIFIER = LuzyaninaNP.PersonsListApp;
				PRODUCT_NAME = "$(TARGET_NAME)";
				SWIFT_VERSION = 5.0;
				TARGETED_DEVICE_FAMILY = "1,2";
			};
			name = Release;
		};
/* End XCBuildConfiguration section */

/* Begin XCConfigurationList section */
		C1C27FE22625C96C00EAAEB2 /* Build configuration list for PBXProject "PersonsListApp" */ = {
			isa = XCConfigurationList;
			buildConfigurations = (
				C1C27FF92625C97100EAAEB2 /* Debug */,
				C1C27FFA2625C97100EAAEB2 /* Release */,
			);
			defaultConfigurationIsVisible = 0;
			defaultConfigurationName = Release;
		};
		C1C27FFB2625C97100EAAEB2 /* Build configuration list for PBXNativeTarget "PersonsListApp" */ = {
			isa = XCConfigurationList;
			buildConfigurations = (
				C1C27FFC2625C97100EAAEB2 /* Debug */,
				C1C27FFD2625C97100EAAEB2 /* Release */,
			);
			defaultConfigurationIsVisible = 0;
			defaultConfigurationName = Release;
		};
/* End XCConfigurationList section */
	};
	rootObject = C1C27FDF2625C96C00EAAEB2 /* Project object */;
}
